
Microsoft Visual Studio Solution File, Format Version 12.00
# Visual Studio Version 17
VisualStudioVersion = 17.9.34310.174
MinimumVisualStudioVersion = 10.0.40219.1
Project("{FAE04EC0-301F-11D3-BF4B-00C04F79EFBC}") = "BlueBall", "BlueBall\BlueBall.csproj", "{E4C7942B-9E58-416D-98FB-4502D978306B}"
EndProject
Global
	GlobalSection(SolutionConfigurationPlatforms) = preSolution
		Debug|Any CPU = Debug|Any CPU
		Release|Any CPU = Release|Any CPU
	EndGlobalSection
	GlobalSection(ProjectConfigurationPlatforms) = postSolution
		{E4C7942B-9E58-416D-98FB-4502D978306B}.Debug|Any CPU.ActiveCfg = Debug|Any CPU
		{E4C7942B-9E58-416D-98FB-4502D978306B}.Debug|Any CPU.Build.0 = Debug|Any CPU
		{E4C7942B-9E58-416D-98FB-4502D978306B}.Release|Any CPU.ActiveCfg = Release|Any CPU
		{E4C7942B-9E58-416D-98FB-4502D978306B}.Release|Any CPU.Build.0 = Release|Any CPU
	EndGlobalSection
	GlobalSection(SolutionProperties) = preSolution
		HideSolutionNode = FALSE
	EndGlobalSection
	GlobalSection(ExtensibilityGlobals) = postSolution
		SolutionGuid = {3F9CB92B-9A77-4B95-985D-80FF4B465E96}
	EndGlobalSection
EndGlobal
